
Microsoft Visual Studio Solution File, Format Version 12.00
# Visual Studio Version 17
VisualStudioVersion = 17.12.35527.113
MinimumVisualStudioVersion = 10.0.40219.1
Project("{FAE04EC0-301F-11D3-BF4B-00C04F79EFBC}") = "wpfApp", "wpfApp\wpfApp.csproj", "{A708150F-C5FE-4AB9-A1D5-780360771C0B}"
	ProjectSection(ProjectDependencies) = postProject
		{6678CD13-F0FA-4A72-B2CE-5F70B0E8D052} = {6678CD13-F0FA-4A72-B2CE-5F70B0E8D052}
	EndProjectSection
EndProject
Project("{FAE04EC0-301F-11D3-BF4B-00C04F79EFBC}") = "ImageEditing", "ImageEditing\ImageEditing.csproj", "{6678CD13-F0FA-4A72-B2CE-5F70B0E8D052}"
EndProject
Global
	GlobalSection(SolutionConfigurationPlatforms) = preSolution
		Debug|Any CPU = Debug|Any CPU
		Release|Any CPU = Release|Any CPU
	EndGlobalSection
	GlobalSection(ProjectConfigurationPlatforms) = postSolution
		{A708150F-C5FE-4AB9-A1D5-780360771C0B}.Debug|Any CPU.ActiveCfg = Debug|Any CPU
		{A708150F-C5FE-4AB9-A1D5-780360771C0B}.Debug|Any CPU.Build.0 = Debug|Any CPU
		{A708150F-C5FE-4AB9-A1D5-780360771C0B}.Release|Any CPU.ActiveCfg = Release|Any CPU
		{A708150F-C5FE-4AB9-A1D5-780360771C0B}.Release|Any CPU.Build.0 = Release|Any CPU
		{6678CD13-F0FA-4A72-B2CE-5F70B0E8D052}.Debug|Any CPU.ActiveCfg = Debug|Any CPU
		{6678CD13-F0FA-4A72-B2CE-5F70B0E8D052}.Debug|Any CPU.Build.0 = Debug|Any CPU
		{6678CD13-F0FA-4A72-B2CE-5F70B0E8D052}.Release|Any CPU.ActiveCfg = Release|Any CPU
		{6678CD13-F0FA-4A72-B2CE-5F70B0E8D052}.Release|Any CPU.Build.0 = Release|Any CPU
	EndGlobalSection
	GlobalSection(SolutionProperties) = preSolution
		HideSolutionNode = FALSE
	EndGlobalSection
EndGlobal
